<?xml version="1.0" encoding="utf-8"?>
<Project ToolsVersion="4.0" xmlns="http://schemas.microsoft.com/developer/msbuild/2003">
  <ItemGroup>
    <Filter Include="Source Files">
      <UniqueIdentifier>{4FC737F1-C7A5-4376-A066-2A32D752A2FF}</UniqueIdentifier>
      <Extensions>cpp;c;cc;cxx;def;odl;idl;hpj;bat;asm;asmx</Extensions>
    </Filter>
    <Filter Include="Header Files">
      <UniqueIdentifier>{93995380-89BD-4b04-88EB-625FBE52EBFB}</UniqueIdentifier>
      <Extensions>h;hh;hpp;hxx;hm;inl;inc;xsd</Extensions>
    </Filter>
    <Filter Include="Resource Files">
      <UniqueIdentifier>{D9D6E242-F8AF-46E4-B9FD-80ECBC20BA3E}</UniqueIdentifier>
      <Extensions>qrc;*</Extensions>
      <ParseFiles>false</ParseFiles>
    </Filter>
    <Filter Include="Form Files">
      <UniqueIdentifier>{99349809-55BA-4b9d-BF79-8FDBB0286EB3}</UniqueIdentifier>
      <Extensions>ui</Extensions>
    </Filter>
    <Filter Include="Resource Files">
      <UniqueIdentifier>{D9D6E242-F8AF-46E4-B9FD-80ECBC20BA3E}</UniqueIdentifier>
      <Extensions>qrc;*</Extensions>
      <ParseFiles>false</ParseFiles>
    </Filter>
    <Filter Include="Generated Files">
      <UniqueIdentifier>{71ED8ED8-ACB9-4CE9-BBE1-E00B30144E11}</UniqueIdentifier>
      <Extensions>moc;h;cpp</Extensions>
      <SourceControlFiles>False</SourceControlFiles>
    </Filter>
  </ItemGroup>
  <ItemGroup>
    <ClCompile Include="main.cpp">
      <Filter>Source Files</Filter>
    </ClCompile>
    <ClCompile Include="DigitalMapForWHU.cpp">
      <Filter>Source Files</Filter>
    </ClCompile>
    <ClCompile Include="GeneratedFiles\Debug\moc_DigitalMapForWHU.cpp">
      <Filter>Generated Files</Filter>
    </ClCompile>
    <ClCompile Include="GeneratedFiles\Release\moc_DigitalMapForWHU.cpp">
      <Filter>Generated Files</Filter>
    </ClCompile>
    <ClCompile Include="GeneratedFiles\qrc_DigitalMapForWHU.cpp">
      <Filter>Generated Files</Filter>
    </ClCompile>
    <ClCompile Include="matgraph.cpp">
      <Filter>Source Files</Filter>
    </ClCompile>
    <ClCompile Include="vertex.cpp">
      <Filter>Source Files</Filter>
    </ClCompile>
    <ClCompile Include="Initialization.cpp">
      <Filter>Source Files</Filter>
    </ClCompile>
    <ClCompile Include="GeneratedFiles\Debug\moc_LineWidget.cpp">
      <Filter>Generated Files</Filter>
    </ClCompile>
    <ClCompile Include="GeneratedFiles\Release\moc_LineWidget.cpp">
      <Filter>Generated Files</Filter>
    </ClCompile>
    <ClCompile Include="LineWidget.cpp">
      <Filter>Source Files</Filter>
    </ClCompile>
    <ClCompile Include="GeneratedFiles\Debug\moc_QueryDlg.cpp">
      <Filter>Generated Files</Filter>
    </ClCompile>
    <ClCompile Include="GeneratedFiles\Release\moc_QueryDlg.cpp">
      <Filter>Generated Files</Filter>
    </ClCompile>
    <ClCompile Include="QueryDlg.cpp">
      <Filter>Source Files</Filter>
    </ClCompile>
    <ClCompile Include="GeneratedFiles\Debug\moc_QueryInformation.cpp">
      <Filter>Generated Files</Filter>
    </ClCompile>
    <ClCompile Include="GeneratedFiles\Release\moc_QueryInformation.cpp">
      <Filter>Generated Files</Filter>
    </ClCompile>
    <ClCompile Include="QueryInformation.cpp">
      <Filter>Source Files</Filter>
    </ClCompile>
    <ClCompile Include="GeneratedFiles\Debug\moc_RouteDlg.cpp">
      <Filter>Generated Files</Filter>
    </ClCompile>
    <ClCompile Include="GeneratedFiles\Release\moc_RouteDlg.cpp">
      <Filter>Generated Files</Filter>
    </ClCompile>
    <ClCompile Include="RouteDlg.cpp">
      <Filter>Source Files</Filter>
    </ClCompile>
    <ClCompile Include="GeneratedFiles\Debug\moc_AddressDlg.cpp">
      <Filter>Generated Files</Filter>
    </ClCompile>
    <ClCompile Include="GeneratedFiles\Release\moc_AddressDlg.cpp">
      <Filter>Generated Files</Filter>
    </ClCompile>
    <ClCompile Include="AddressDlg.cpp">
      <Filter>Source Files</Filter>
    </ClCompile>
    <ClCompile Include="GeneratedFiles\Debug\moc_Supermarket.cpp">
      <Filter>Generated Files</Filter>
    </ClCompile>
    <ClCompile Include="GeneratedFiles\Release\moc_Supermarket.cpp">
      <Filter>Generated Files</Filter>
    </ClCompile>
    <ClCompile Include="Supermarket.cpp">
      <Filter>Source Files</Filter>
    </ClCompile>
  </ItemGroup>
  <ItemGroup>
    <CustomBuild Include="DigitalMapForWHU.h">
      <Filter>Header Files</Filter>
    </CustomBuild>
    <CustomBuild Include="DigitalMapForWHU.qrc">
      <Filter>Resource Files</Filter>
    </CustomBuild>
    <CustomBuild Include="LineWidget.h">
      <Filter>Header Files</Filter>
    </CustomBuild>
    <CustomBuild Include="DigitalMapForWHU.ui">
      <Filter>Form Files</Filter>
    </CustomBuild>
    <CustomBuild Include="QueryDlg.h">
      <Filter>Header Files</Filter>
    </CustomBuild>
    <CustomBuild Include="QueryDlg.ui">
      <Filter>Form Files</Filter>
    </CustomBuild>
    <CustomBuild Include="QueryInformation.h">
      <Filter>Header Files</Filter>
    </CustomBuild>
    <CustomBuild Include="QueryInformation.ui">
      <Filter>Form Files</Filter>
    </CustomBuild>
    <CustomBuild Include="RouteDlg.h">
      <Filter>Header Files</Filter>
    </CustomBuild>
    <CustomBuild Include="RouteDlg.ui">
      <Filter>Form Files</Filter>
    </CustomBuild>
    <CustomBuild Include="AddressDlg.h">
      <Filter>Header Files</Filter>
    </CustomBuild>
    <CustomBuild Include="AddressDlg.ui">
      <Filter>Form Files</Filter>
    </CustomBuild>
    <CustomBuild Include="Supermarket.h">
      <Filter>Header Files</Filter>
    </CustomBuild>
    <CustomBuild Include="Supermarket.ui">
      <Filter>Form Files</Filter>
    </CustomBuild>
  </ItemGroup>
  <ItemGroup>
    <ClInclude Include="matgraph.h">
      <Filter>Header Files</Filter>
    </ClInclude>
    <ClInclude Include="vertex.h">
      <Filter>Header Files</Filter>
    </ClInclude>
    <ClInclude Include="GeneratedFiles\ui_DigitalMapForWHU.h">
      <Filter>Generated Files</Filter>
    </ClInclude>
    <ClInclude Include="GeneratedFiles\ui_QueryDlg.h">
      <Filter>Generated Files</Filter>
    </ClInclude>
    <ClInclude Include="GeneratedFiles\ui_QueryInformation.h">
      <Filter>Generated Files</Filter>
    </ClInclude>
    <ClInclude Include="GBK.h">
      <Filter>Header Files</Filter>
    </ClInclude>
    <ClInclude Include="GeneratedFiles\ui_RouteDlg.h">
      <Filter>Generated Files</Filter>
    </ClInclude>
    <ClInclude Include="GeneratedFiles\ui_AddressDlg.h">
      <Filter>Generated Files</Filter>
    </ClInclude>
    <ClInclude Include="GeneratedFiles\ui_Supermarket.h">
      <Filter>Generated Files</Filter>
    </ClInclude>
  </ItemGroup>
</Project>